// !$*UTF8*$!
{
	archiveVersion = 1;
	classes = {
	};
	objectVersion = 46;
	objects = {

/* Begin PBXBuildFile section */
		82D995201C43E8A6009BCC9C /* main.m in Sources */ = {isa = PBXBuildFile; fileRef = 82D9951F1C43E8A6009BCC9C /* main.m */; };
		82D995231C43E8A6009BCC9C /* AppDelegate.m in Sources */ = {isa = PBXBuildFile; fileRef = 82D995221C43E8A6009BCC9C /* AppDelegate.m */; };
		82D995261C43E8A6009BCC9C /* ViewController.m in Sources */ = {isa = PBXBuildFile; fileRef = 82D995251C43E8A6009BCC9C /* ViewController.m */; };
		82D995291C43E8A6009BCC9C /* Main.storyboard in Resources */ = {isa = PBXBuildFile; fileRef = 82D995271C43E8A6009BCC9C /* Main.storyboard */; };
		82D9952B1C43E8A6009BCC9C /* Assets.xcassets in Resources */ = {isa = PBXBuildFile; fileRef = 82D9952A1C43E8A6009BCC9C /* Assets.xcassets */; };
		82D9952E1C43E8A6009BCC9C /* LaunchScreen.storyboard in Resources */ = {isa = PBXBuildFile; fileRef = 82D9952C1C43E8A6009BCC9C /* LaunchScreen.storyboard */; };
		82D995391C43E8A7009BCC9C /* CASeekForCityTests.m in Sources */ = {isa = PBXBuildFile; fileRef = 82D995381C43E8A7009BCC9C /* CASeekForCityTests.m */; };
		82D995441C43E8A7009BCC9C /* CASeekForCityUITests.m in Sources */ = {isa = PBXBuildFile; fileRef = 82D995431C43E8A7009BCC9C /* CASeekForCityUITests.m */; };
/* End PBXBuildFile section */

/* Begin PBXContainerItemProxy section */
		82D995351C43E8A7009BCC9C /* PBXContainerItemProxy */ = {
			isa = PBXContainerItemProxy;
			containerPortal = 82D995131C43E8A6009BCC9C /* Project object */;
			proxyType = 1;
			remoteGlobalIDString = 82D9951A1C43E8A6009BCC9C;
			remoteInfo = CASeekForCity;
		};
		82D995401C43E8A7009BCC9C /* PBXContainerItemProxy */ = {
			isa = PBXContainerItemProxy;
			containerPortal = 82D995131C43E8A6009BCC9C /* Project object */;
			proxyType = 1;
			remoteGlobalIDString = 82D9951A1C43E8A6009BCC9C;
			remoteInfo = CASeekForCity;
		};
/* End PBXContainerItemProxy section */

/* Begin PBXFileReference section */
		82D9951B1C43E8A6009BCC9C /* CASeekForCity.app */ = {isa = PBXFileReference; explicitFileType = wrapper.application; includeInIndex = 0; path = CASeekForCity.app; sourceTree = BUILT_PRODUCTS_DIR; };
		82D9951F1C43E8A6009BCC9C /* main.m */ = {isa = PBXFileReference; lastKnownFileType = sourcecode.c.objc; path = main.m; sourceTree = "<group>"; };
		82D995211C43E8A6009BCC9C /* AppDelegate.h */ = {isa = PBXFileReference; lastKnownFileType = sourcecode.c.h; path = AppDelegate.h; sourceTree = "<group>"; };
		82D995221C43E8A6009BCC9C /* AppDelegate.m */ = {isa = PBXFileReference; lastKnownFileType = sourcecode.c.objc; path = AppDelegate.m; sourceTree = "<group>"; };
		82D995241C43E8A6009BCC9C /* ViewController.h */ = {isa = PBXFileReference; lastKnownFileType = sourcecode.c.h; path = ViewController.h; sourceTree = "<group>"; };
		82D995251C43E8A6009BCC9C /* ViewController.m */ = {isa = PBXFileReference; lastKnownFileType = sourcecode.c.objc; path = ViewController.m; sourceTree = "<group>"; };
		82D995281C43E8A6009BCC9C /* Base */ = {isa = PBXFileReference; lastKnownFileType = file.storyboard; name = Base; path = Base.lproj/Main.storyboard; sourceTree = "<group>"; };
		82D9952A1C43E8A6009BCC9C /* Assets.xcassets */ = {isa = PBXFileReference; lastKnownFileType = folder.assetcatalog; path = Assets.xcassets; sourceTree = "<group>"; };
		82D9952D1C43E8A6009BCC9C /* Base */ = {isa = PBXFileReference; lastKnownFileType = file.storyboard; name = Base; path = Base.lproj/LaunchScreen.storyboard; sourceTree = "<group>"; };
		82D9952F1C43E8A6009BCC9C /* Info.plist */ = {isa = PBXFileReference; lastKnownFileType = text.plist.xml; path = Info.plist; sourceTree = "<group>"; };
		82D995341C43E8A7009BCC9C /* CASeekForCityTests.xctest */ = {isa = PBXFileReference; explicitFileType = wrapper.cfbundle; includeInIndex = 0; path = CASeekForCityTests.xctest; sourceTree = BUILT_PRODUCTS_DIR; };
		82D995381C43E8A7009BCC9C /* CASeekForCityTests.m */ = {isa = PBXFileReference; lastKnownFileType = sourcecode.c.objc; path = CASeekForCityTests.m; sourceTree = "<group>"; };
		82D9953A1C43E8A7009BCC9C /* Info.plist */ = {isa = PBXFileReference; lastKnownFileType = text.plist.xml; path = Info.plist; sourceTree = "<group>"; };
		82D9953F1C43E8A7009BCC9C /* CASeekForCityUITests.xctest */ = {isa = PBXFileReference; explicitFileType = wrapper.cfbundle; includeInIndex = 0; path = CASeekForCityUITests.xctest; sourceTree = BUILT_PRODUCTS_DIR; };
		82D995431C43E8A7009BCC9C /* CASeekForCityUITests.m */ = {isa = PBXFileReference; lastKnownFileType = sourcecode.c.objc; path = CASeekForCityUITests.m; sourceTree = "<group>"; };
		82D995451C43E8A7009BCC9C /* Info.plist */ = {isa = PBXFileReference; lastKnownFileType = text.plist.xml; path = Info.plist; sourceTree = "<group>"; };
/* End PBXFileReference section */

/* Begin PBXFrameworksBuildPhase section */
		82D995181C43E8A6009BCC9C /* Frameworks */ = {
			isa = PBXFrameworksBuildPhase;
			buildActionMask = 2147483647;
			files = (
			);
			runOnlyForDeploymentPostprocessing = 0;
		};
		82D995311C43E8A7009BCC9C /* Frameworks */ = {
			isa = PBXFrameworksBuildPhase;
			buildActionMask = 2147483647;
			files = (
			);
			runOnlyForDeploymentPostprocessing = 0;
		};
		82D9953C1C43E8A7009BCC9C /* Frameworks */ = {
			isa = PBXFrameworksBuildPhase;
			buildActionMask = 2147483647;
			files = (
			);
			runOnlyForDeploymentPostprocessing = 0;
		};
/* End PBXFrameworksBuildPhase section */

/* Begin PBXGroup section */
		82D995121C43E8A6009BCC9C = {
			isa = PBXGroup;
			children = (
				82D9951D1C43E8A6009BCC9C /* CASeekForCity */,
				82D995371C43E8A7009BCC9C /* CASeekForCityTests */,
				82D995421C43E8A7009BCC9C /* CASeekForCityUITests */,
				82D9951C1C43E8A6009BCC9C /* Products */,
			);
			sourceTree = "<group>";
		};
		82D9951C1C43E8A6009BCC9C /* Products */ = {
			isa = PBXGroup;
			children = (
				82D9951B1C43E8A6009BCC9C /* CASeekForCity.app */,
				82D995341C43E8A7009BCC9C /* CASeekForCityTests.xctest */,
				82D9953F1C43E8A7009BCC9C /* CASeekForCityUITests.xctest */,
			);
			name = Products;
			sourceTree = "<group>";
		};
		82D9951D1C43E8A6009BCC9C /* CASeekForCity */ = {
			isa = PBXGroup;
			children = (
				82D995211C43E8A6009BCC9C /* AppDelegate.h */,
				82D995221C43E8A6009BCC9C /* AppDelegate.m */,
				82D995241C43E8A6009BCC9C /* ViewController.h */,
				82D995251C43E8A6009BCC9C /* ViewController.m */,
				82D995271C43E8A6009BCC9C /* Main.storyboard */,
				82D9952A1C43E8A6009BCC9C /* Assets.xcassets */,
				82D9952C1C43E8A6009BCC9C /* LaunchScreen.storyboard */,
				82D9952F1C43E8A6009BCC9C /* Info.plist */,
				82D9951E1C43E8A6009BCC9C /* Supporting Files */,
			);
			path = CASeekForCity;
			sourceTree = "<group>";
		};
		82D9951E1C43E8A6009BCC9C /* Supporting Files */ = {
			isa = PBXGroup;
			children = (
				82D9951F1C43E8A6009BCC9C /* main.m */,
			);
			name = "Supporting Files";
			sourceTree = "<group>";
		};
		82D995371C43E8A7009BCC9C /* CASeekForCityTests */ = {
			isa = PBXGroup;
			children = (
				82D995381C43E8A7009BCC9C /* CASeekForCityTests.m */,
				82D9953A1C43E8A7009BCC9C /* Info.plist */,
			);
			path = CASeekForCityTests;
			sourceTree = "<group>";
		};
		82D995421C43E8A7009BCC9C /* CASeekForCityUITests */ = {
			isa = PBXGroup;
			children = (
				82D995431C43E8A7009BCC9C /* CASeekForCityUITests.m */,
				82D995451C43E8A7009BCC9C /* Info.plist */,
			);
			path = CASeekForCityUITests;
			sourceTree = "<group>";
		};
/* End PBXGroup section */

/* Begin PBXNativeTarget section */
		82D9951A1C43E8A6009BCC9C /* CASeekForCity */ = {
			isa = PBXNativeTarget;
			buildConfigurationList = 82D995481C43E8A7009BCC9C /* Build configuration list for PBXNativeTarget "CASeekForCity" */;
			buildPhases = (
				82D995171C43E8A6009BCC9C /* Sources */,
				82D995181C43E8A6009BCC9C /* Frameworks */,
				82D995191C43E8A6009BCC9C /* Resources */,
			);
			buildRules = (
			);
			dependencies = (
			);
			name = CASeekForCity;
			productName = CASeekForCity;
			productReference = 82D9951B1C43E8A6009BCC9C /* CASeekForCity.app */;
			productType = "com.apple.product-type.application";
		};
		82D995331C43E8A7009BCC9C /* CASeekForCityTests */ = {
			isa = PBXNativeTarget;
			buildConfigurationList = 82D9954B1C43E8A7009BCC9C /* Build configuration list for PBXNativeTarget "CASeekForCityTests" */;
			buildPhases = (
				82D995301C43E8A7009BCC9C /* Sources */,
				82D995311C43E8A7009BCC9C /* Frameworks */,
				82D995321C43E8A7009BCC9C /* Resources */,
			);
			buildRules = (
			);
			dependencies = (
				82D995361C43E8A7009BCC9C /* PBXTargetDependency */,
			);
			name = CASeekForCityTests;
			productName = CASeekForCityTests;
			productReference = 82D995341C43E8A7009BCC9C /* CASeekForCityTests.xctest */;
			productType = "com.apple.product-type.bundle.unit-test";
		};
		82D9953E1C43E8A7009BCC9C /* CASeekForCityUITests */ = {
			isa = PBXNativeTarget;
			buildConfigurationList = 82D9954E1C43E8A7009BCC9C /* Build configuration list for PBXNativeTarget "CASeekForCityUITests" */;
			buildPhases = (
				82D9953B1C43E8A7009BCC9C /* Sources */,
				82D9953C1C43E8A7009BCC9C /* Frameworks */,
				82D9953D1C43E8A7009BCC9C /* Resources */,
			);
			buildRules = (
			);
			dependencies = (
				82D995411C43E8A7009BCC9C /* PBXTargetDependency */,
			);
			name = CASeekForCityUITests;
			productName = CASeekForCityUITests;
			productReference = 82D9953F1C43E8A7009BCC9C /* CASeekForCityUITests.xctest */;
			productType = "com.apple.product-type.bundle.ui-testing";
		};
/* End PBXNativeTarget section */

/* Begin PBXProject section */
		82D995131C43E8A6009BCC9C /* Project object */ = {
			isa = PBXProject;
			attributes = {
				LastUpgradeCheck = 0720;
				ORGANIZATIONNAME = Caroline.H;
				TargetAttributes = {
					82D9951A1C43E8A6009BCC9C = {
						CreatedOnToolsVersion = 7.2;
						DevelopmentTeam = 7MTGSP2SPC;
					};
					82D995331C43E8A7009BCC9C = {
						CreatedOnToolsVersion = 7.2;
						DevelopmentTeam = 7MTGSP2SPC;
						TestTargetID = 82D9951A1C43E8A6009BCC9C;
					};
					82D9953E1C43E8A7009BCC9C = {
						CreatedOnToolsVersion = 7.2;
						DevelopmentTeam = 7MTGSP2SPC;
						TestTargetID = 82D9951A1C43E8A6009BCC9C;
					};
				};
			};
			buildConfigurationList = 82D995161C43E8A6009BCC9C /* Build configuration list for PBXProject "CASeekForCity" */;
			compatibilityVersion = "Xcode 3.2";
			developmentRegion = English;
			hasScannedForEncodings = 0;
			knownRegions = (
				en,
				Base,
			);
			mainGroup = 82D995121C43E8A6009BCC9C;
			productRefGroup = 82D9951C1C43E8A6009BCC9C /* Products */;
			projectDirPath = "";
			projectRoot = "";
			targets = (
				82D9951A1C43E8A6009BCC9C /* CASeekForCity */,
				82D995331C43E8A7009BCC9C /* CASeekForCityTests */,
				82D9953E1C43E8A7009BCC9C /* CASeekForCityUITests */,
			);
		};
/* End PBXProject section */

/* Begin PBXResourcesBuildPhase section */
		82D995191C43E8A6009BCC9C /* Resources */ = {
			isa = PBXResourcesBuildPhase;
			buildActionMask = 2147483647;
			files = (
				82D9952E1C43E8A6009BCC9C /* LaunchScreen.storyboard in Resources */,
				82D9952B1C43E8A6009BCC9C /* Assets.xcassets in Resources */,
				82D995291C43E8A6009BCC9C /* Main.storyboard in Resources */,
			);
			runOnlyForDeploymentPostprocessing = 0;
		};
		82D995321C43E8A7009BCC9C /* Resources */ = {
			isa = PBXResourcesBuildPhase;
			buildActionMask = 2147483647;
			files = (
			);
			runOnlyForDeploymentPostprocessing = 0;
		};
		82D9953D1C43E8A7009BCC9C /* Resources */ = {
			isa = PBXResourcesBuildPhase;
			buildActionMask = 2147483647;
			files = (
			);
			runOnlyForDeploymentPostprocessing = 0;
		};
/* End PBXResourcesBuildPhase section */

/* Begin PBXSourcesBuildPhase section */
		82D995171C43E8A6009BCC9C /* Sources */ = {
			isa = PBXSourcesBuildPhase;
			buildActionMask = 2147483647;
			files = (
				82D995261C43E8A6009BCC9C /* ViewController.m in Sources */,
				82D995231C43E8A6009BCC9C /* AppDelegate.m in Sources */,
				82D995201C43E8A6009BCC9C /* main.m in Sources */,
			);
			runOnlyForDeploymentPostprocessing = 0;
		};
		82D995301C43E8A7009BCC9C /* Sources */ = {
			isa = PBXSourcesBuildPhase;
			buildActionMask = 2147483647;
			files = (
				82D995391C43E8A7009BCC9C /* CASeekForCityTests.m in Sources */,
			);
			runOnlyForDeploymentPostprocessing = 0;
		};
		82D9953B1C43E8A7009BCC9C /* Sources */ = {
			isa = PBXSourcesBuildPhase;
			buildActionMask = 2147483647;
			files = (
				82D995441C43E8A7009BCC9C /* CASeekForCityUITests.m in Sources */,
			);
			runOnlyForDeploymentPostprocessing = 0;
		};
/* End PBXSourcesBuildPhase section */

/* Begin PBXTargetDependency section */
		82D995361C43E8A7009BCC9C /* PBXTargetDependency */ = {
			isa = PBXTargetDependency;
			target = 82D9951A1C43E8A6009BCC9C /* CASeekForCity */;
			targetProxy = 82D995351C43E8A7009BCC9C /* PBXContainerItemProxy */;
		};
		82D995411C43E8A7009BCC9C /* PBXTargetDependency */ = {
			isa = PBXTargetDependency;
			target = 82D9951A1C43E8A6009BCC9C /* CASeekForCity */;
			targetProxy = 82D995401C43E8A7009BCC9C /* PBXContainerItemProxy */;
		};
/* End PBXTargetDependency section */

/* Begin PBXVariantGroup section */
		82D995271C43E8A6009BCC9C /* Main.storyboard */ = {
			isa = PBXVariantGroup;
			children = (
				82D995281C43E8A6009BCC9C /* Base */,
			);
			name = Main.storyboard;
			sourceTree = "<group>";
		};
		82D9952C1C43E8A6009BCC9C /* LaunchScreen.storyboard */ = {
			isa = PBXVariantGroup;
			children = (
				82D9952D1C43E8A6009BCC9C /* Base */,
			);
			name = LaunchScreen.storyboard;
			sourceTree = "<group>";
		};
/* End PBXVariantGroup section */

/* Begin XCBuildConfiguration section */
		82D995461C43E8A7009BCC9C /* Debug */ = {
			isa = XCBuildConfiguration;
			buildSettings = {
				ALWAYS_SEARCH_USER_PATHS = NO;
				CLANG_CXX_LANGUAGE_STANDARD = "gnu++0x";
				CLANG_CXX_LIBRARY = "libc++";
				CLANG_ENABLE_MODULES = YES;
				CLANG_ENABLE_OBJC_ARC = YES;
				CLANG_WARN_BOOL_CONVERSION = YES;
				CLANG_WARN_CONSTANT_CONVERSION = YES;
				CLANG_WARN_DIRECT_OBJC_ISA_USAGE = YES_ERROR;
				CLANG_WARN_EMPTY_BODY = YES;
				CLANG_WARN_ENUM_CONVERSION = YES;
				CLANG_WARN_INT_CONVERSION = YES;
				CLANG_WARN_OBJC_ROOT_CLASS = YES_ERROR;
				CLANG_WARN_UNREACHABLE_CODE = YES;
				CLANG_WARN__DUPLICATE_METHOD_MATCH = YES;
				"CODE_SIGN_IDENTITY[sdk=iphoneos*]" = "iPhone Developer";
				COPY_PHASE_STRIP = NO;
				DEBUG_INFORMATION_FORMAT = dwarf;
				ENABLE_STRICT_OBJC_MSGSEND = YES;
				ENABLE_TESTABILITY = YES;
				GCC_C_LANGUAGE_STANDARD = gnu99;
				GCC_DYNAMIC_NO_PIC = NO;
				GCC_NO_COMMON_BLOCKS = YES;
				GCC_OPTIMIZATION_LEVEL = 0;
				GCC_PREPROCESSOR_DEFINITIONS = (
					"DEBUG=1",
					"$(inherited)",
				);
				GCC_WARN_64_TO_32_BIT_CONVERSION = YES;
				GCC_WARN_ABOUT_RETURN_TYPE = YES_ERROR;
				GCC_WARN_UNDECLARED_SELECTOR = YES;
				GCC_WARN_UNINITIALIZED_AUTOS = YES_AGGRESSIVE;
				GCC_WARN_UNUSED_FUNCTION = YES;
				GCC_WARN_UNUSED_VARIABLE = YES;
				IPHONEOS_DEPLOYMENT_TARGET = 9.2;
				MTL_ENABLE_DEBUG_INFO = YES;
				ONLY_ACTIVE_ARCH = YES;
				SDKROOT = iphoneos;
			};
			name = Debug;
		};
		82D995471C43E8A7009BCC9C /* Release */ = {
			isa = XCBuildConfiguration;
			buildSettings = {
				ALWAYS_SEARCH_USER_PATHS = NO;
				CLANG_CXX_LANGUAGE_STANDARD = "gnu++0x";
				CLANG_CXX_LIBRARY = "libc++";
				CLANG_ENABLE_MODULES = YES;
				CLANG_ENABLE_OBJC_ARC = YES;
				CLANG_WARN_BOOL_CONVERSION = YES;
				CLANG_WARN_CONSTANT_CONVERSION = YES;
				CLANG_WARN_DIRECT_OBJC_ISA_USAGE = YES_ERROR;
				CLANG_WARN_EMPTY_BODY = YES;
				CLANG_WARN_ENUM_CONVERSION = YES;
				CLANG_WARN_INT_CONVERSION = YES;
				CLANG_WARN_OBJC_ROOT_CLASS = YES_ERROR;
				CLANG_WARN_UNREACHABLE_CODE = YES;
				CLANG_WARN__DUPLICATE_METHOD_MATCH = YES;
				"CODE_SIGN_IDENTITY[sdk=iphoneos*]" = "iPhone Developer";
				COPY_PHASE_STRIP = NO;
				DEBUG_INFORMATION_FORMAT = "dwarf-with-dsym";
				ENABLE_NS_ASSERTIONS = NO;
				ENABLE_STRICT_OBJC_MSGSEND = YES;
				GCC_C_LANGUAGE_STANDARD = gnu99;
				GCC_NO_COMMON_BLOCKS = YES;
				GCC_WARN_64_TO_32_BIT_CONVERSION = YES;
				GCC_WARN_ABOUT_RETURN_TYPE = YES_ERROR;
				GCC_WARN_UNDECLARED_SELECTOR = YES;
				GCC_WARN_UNINITIALIZED_AUTOS = YES_AGGRESSIVE;
				GCC_WARN_UNUSED_FUNCTION = YES;
				GCC_WARN_UNUSED_VARIABLE = YES;
				IPHONEOS_DEPLOYMENT_TARGET = 9.2;
				MTL_ENABLE_DEBUG_INFO = NO;
				SDKROOT = iphoneos;
				VALIDATE_PRODUCT = YES;
			};
			name = Release;
		};
		82D995491C43E8A7009BCC9C /* Debug */ = {
			isa = XCBuildConfiguration;
			buildSettings = {
				ASSETCATALOG_COMPILER_APPICON_NAME = AppIcon;
				INFOPLIST_FILE = CASeekForCity/Info.plist;
				LD_RUNPATH_SEARCH_PATHS = "$(inherited) @executable_path/Frameworks";
				PRODUCT_BUNDLE_IDENTIFIER = com.caroline.CASeekForCity;
				PRODUCT_NAME = "$(TARGET_NAME)";
			};
			name = Debug;
		};
		82D9954A1C43E8A7009BCC9C /* Release */ = {
			isa = XCBuildConfiguration;
			buildSettings = {
				ASSETCATALOG_COMPILER_APPICON_NAME = AppIcon;
				INFOPLIST_FILE = CASeekForCity/Info.plist;
				LD_RUNPATH_SEARCH_PATHS = "$(inherited) @executable_path/Frameworks";
				PRODUCT_BUNDLE_IDENTIFIER = com.caroline.CASeekForCity;
				PRODUCT_NAME = "$(TARGET_NAME)";
			};
			name = Release;
		};
		82D9954C1C43E8A7009BCC9C /* Debug */ = {
			isa = XCBuildConfiguration;
			buildSettings = {
				BUNDLE_LOADER = "$(TEST_HOST)";
				INFOPLIST_FILE = CASeekForCityTests/Info.plist;
				LD_RUNPATH_SEARCH_PATHS = "$(inherited) @executable_path/Frameworks @loader_path/Frameworks";
				PRODUCT_BUNDLE_IDENTIFIER = com.caroline.CASeekForCityTests;
				PRODUCT_NAME = "$(TARGET_NAME)";
				TEST_HOST = "$(BUILT_PRODUCTS_DIR)/CASeekForCity.app/CASeekForCity";
			};
			name = Debug;
		};
		82D9954D1C43E8A7009BCC9C /* Release */ = {
			isa = XCBuildConfiguration;
			buildSettings = {
				BUNDLE_LOADER = "$(TEST_HOST)";
				INFOPLIST_FILE = CASeekForCityTests/Info.plist;
				LD_RUNPATH_SEARCH_PATHS = "$(inherited) @executable_path/Frameworks @loader_path/Frameworks";
				PRODUCT_BUNDLE_IDENTIFIER = com.caroline.CASeekForCityTests;
				PRODUCT_NAME = "$(TARGET_NAME)";
				TEST_HOST = "$(BUILT_PRODUCTS_DIR)/CASeekForCity.app/CASeekForCity";
			};
			name = Release;
		};
		82D9954F1C43E8A7009BCC9C /* Debug */ = {
			isa = XCBuildConfiguration;
			buildSettings = {
				INFOPLIST_FILE = CASeekForCityUITests/Info.plist;
				LD_RUNPATH_SEARCH_PATHS = "$(inherited) @executable_path/Frameworks @loader_path/Frameworks";
				PRODUCT_BUNDLE_IDENTIFIER = com.caroline.CASeekForCityUITests;
				PRODUCT_NAME = "$(TARGET_NAME)";
				TEST_TARGET_NAME = CASeekForCity;
				USES_XCTRUNNER = YES;
			};
			name = Debug;
		};
		82D995501C43E8A7009BCC9C /* Release */ = {
			isa = XCBuildConfiguration;
			buildSettings = {
				INFOPLIST_FILE = CASeekForCityUITests/Info.plist;
				LD_RUNPATH_SEARCH_PATHS = "$(inherited) @executable_path/Frameworks @loader_path/Frameworks";
				PRODUCT_BUNDLE_IDENTIFIER = com.caroline.CASeekForCityUITests;
				PRODUCT_NAME = "$(TARGET_NAME)";
				TEST_TARGET_NAME = CASeekForCity;
				USES_XCTRUNNER = YES;
			};
			name = Release;
		};
/* End XCBuildConfiguration section */

/* Begin XCConfigurationList section */
		82D995161C43E8A6009BCC9C /* Build configuration list for PBXProject "CASeekForCity" */ = {
			isa = XCConfigurationList;
			buildConfigurations = (
				82D995461C43E8A7009BCC9C /* Debug */,
				82D995471C43E8A7009BCC9C /* Release */,
			);
			defaultConfigurationIsVisible = 0;
			defaultConfigurationName = Release;
		};
		82D995481C43E8A7009BCC9C /* Build configuration list for PBXNativeTarget "CASeekForCity" */ = {
			isa = XCConfigurationList;
			buildConfigurations = (
				82D995491C43E8A7009BCC9C /* Debug */,
				82D9954A1C43E8A7009BCC9C /* Release */,
			);
			defaultConfigurationIsVisible = 0;
		};
		82D9954B1C43E8A7009BCC9C /* Build configuration list for PBXNativeTarget "CASeekForCityTests" */ = {
			isa = XCConfigurationList;
			buildConfigurations = (
				82D9954C1C43E8A7009BCC9C /* Debug */,
				82D9954D1C43E8A7009BCC9C /* Release */,
			);
			defaultConfigurationIsVisible = 0;
		};
		82D9954E1C43E8A7009BCC9C /* Build configuration list for PBXNativeTarget "CASeekForCityUITests" */ = {
			isa = XCConfigurationList;
			buildConfigurations = (
				82D9954F1C43E8A7009BCC9C /* Debug */,
				82D995501C43E8A7009BCC9C /* Release */,
			);
			defaultConfigurationIsVisible = 0;
		};
/* End XCConfigurationList section */
	};
	rootObject = 82D995131C43E8A6009BCC9C /* Project object */;
}
